<?xml version="1.0"?>
<CONFIG>
  <ProjectOptions>
    <PathDelim Value="/"/>
    <Version Value="5"/>
    <General>
      <Flags>
        <MainUnitHasUsesSectionForAllUnits Value="False"/>
        <MainUnitHasCreateFormStatements Value="False"/>
        <MainUnitHasTitleStatement Value="False"/>
      </Flags>
      <MainUnit Value="0"/>
      <IconPath Value="./"/>
      <TargetFileExt Value=""/>
      <ActiveEditorIndexAtStart Value="4"/>
    </General>
    <VersionInfo>
      <ProjectVersion Value=""/>
      <Language Value=""/>
      <CharSet Value=""/>
    </VersionInfo>
    <PublishOptions>
      <Version Value="2"/>
      <IgnoreBinaries Value="False"/>
      <IncludeFileFilter Value="*.(pas|pp|inc|lfm|lpr|lrs|lpi|lpk|sh|xml)"/>
      <ExcludeFileFilter Value="*.(bak|ppu|ppw|o|so);*~;backup"/>
    </PublishOptions>
    <RunParams>
      <local>
        <FormatVersion Value="1"/>
        <LaunchingApplication PathPlusParams="/usr/X11R6/bin/xterm -T 'Lazarus Run Output' -e $(LazarusDir)/tools/runwait.sh $(TargetCmdLine)"/>
      </local>
    </RunParams>
    <Units Count="40">
      <Unit0>
        <Filename Value="fpwm.pas"/>
        <IsPartOfProject Value="True"/>
        <UnitName Value="fpwm"/>
        <CursorPos X="14" Y="43"/>
        <TopLine Value="14"/>
        <EditorIndex Value="0"/>
        <UsageCount Value="39"/>
        <Loaded Value="True"/>
      </Unit0>
      <Unit1>
        <Filename Value="../../karmen-0.7a/src/button.c"/>
        <CursorPos X="1" Y="1"/>
        <TopLine Value="1"/>
        <UsageCount Value="10"/>
        <SyntaxHighlighter Value="C++"/>
      </Unit1>
      <Unit2>
        <Filename Value="lib.pas"/>
        <UnitName Value="lib"/>
        <CursorPos X="23" Y="218"/>
        <TopLine Value="208"/>
        <EditorIndex Value="9"/>
        <UsageCount Value="18"/>
        <Loaded Value="True"/>
      </Unit2>
      <Unit3>
        <Filename Value="button.pas"/>
        <UnitName Value="button"/>
        <CursorPos X="5" Y="261"/>
        <TopLine Value="226"/>
        <EditorIndex Value="6"/>
        <UsageCount Value="18"/>
        <Loaded Value="True"/>
      </Unit3>
      <Unit4>
        <Filename Value="icccm.pas"/>
        <UnitName Value="icccm"/>
        <CursorPos X="19" Y="77"/>
        <TopLine Value="61"/>
        <EditorIndex Value="8"/>
        <UsageCount Value="18"/>
        <Loaded Value="True"/>
      </Unit4>
      <Unit5>
        <Filename Value="../../karmen-0.7a/src/lib.h"/>
        <CursorPos X="8" Y="40"/>
        <TopLine Value="22"/>
        <UsageCount Value="10"/>
        <SyntaxHighlighter Value="C++"/>
      </Unit5>
      <Unit6>
        <Filename Value="converted/lib.h"/>
        <CursorPos X="11" Y="34"/>
        <TopLine Value="31"/>
        <EditorIndex Value="10"/>
        <UsageCount Value="18"/>
        <Loaded Value="True"/>
        <SyntaxHighlighter Value="C++"/>
      </Unit6>
      <Unit7>
        <Filename Value="/usr/share/fpcsrc/packages/extra/x11/xlib.pp"/>
        <UnitName Value="xlib"/>
        <CursorPos X="10" Y="1302"/>
        <TopLine Value="1286"/>
        <UsageCount Value="16"/>
      </Unit7>
      <Unit8>
        <Filename Value="converted/button.h"/>
        <CursorPos X="1" Y="31"/>
        <TopLine Value="20"/>
        <UsageCount Value="11"/>
        <SyntaxHighlighter Value="C++"/>
      </Unit8>
      <Unit9>
        <Filename Value="/usr/share/fpcsrc/packages/extra/x11/x.pp"/>
        <UnitName Value="x"/>
        <CursorPos X="4" Y="57"/>
        <TopLine Value="41"/>
        <EditorIndex Value="7"/>
        <UsageCount Value="17"/>
        <Loaded Value="True"/>
      </Unit9>
      <Unit10>
        <Filename Value="main.pas"/>
        <IsPartOfProject Value="True"/>
        <UnitName Value="main"/>
        <CursorPos X="31" Y="145"/>
        <TopLine Value="129"/>
        <EditorIndex Value="4"/>
        <UsageCount Value="37"/>
        <Loaded Value="True"/>
      </Unit10>
      <Unit11>
        <Filename Value="delete.xbm"/>
        <CursorPos X="7" Y="3"/>
        <TopLine Value="1"/>
        <UsageCount Value="10"/>
        <SyntaxHighlighter Value="None"/>
      </Unit11>
      <Unit12>
        <Filename Value="lower.xbm"/>
        <CursorPos X="43" Y="3"/>
        <TopLine Value="1"/>
        <UsageCount Value="10"/>
        <SyntaxHighlighter Value="None"/>
      </Unit12>
      <Unit13>
        <Filename Value="hide.xbm"/>
        <CursorPos X="38" Y="3"/>
        <TopLine Value="1"/>
        <UsageCount Value="10"/>
        <SyntaxHighlighter Value="None"/>
      </Unit13>
      <Unit14>
        <Filename Value="/usr/share/fpcsrc/packages/extra/x11/xresource.pp"/>
        <UnitName Value="xresource"/>
        <CursorPos X="19" Y="107"/>
        <TopLine Value="91"/>
        <UsageCount Value="16"/>
      </Unit14>
      <Unit15>
        <Filename Value="/usr/share/fpcsrc/rtl/unix/sysunixh.inc"/>
        <CursorPos X="6" Y="51"/>
        <TopLine Value="21"/>
        <UsageCount Value="15"/>
      </Unit15>
      <Unit16>
        <Filename Value="converted/global.h"/>
        <CursorPos X="15" Y="47"/>
        <TopLine Value="14"/>
        <UsageCount Value="10"/>
        <SyntaxHighlighter Value="C++"/>
      </Unit16>
      <Unit17>
        <Filename Value="/usr/share/fpcsrc/packages/base/libc/signalh.inc"/>
        <CursorPos X="16" Y="70"/>
        <TopLine Value="52"/>
        <UsageCount Value="10"/>
      </Unit17>
      <Unit18>
        <Filename Value="/usr/share/fpcsrc/rtl/unix/unix.pp"/>
        <UnitName Value="Unix"/>
        <CursorPos X="1" Y="1"/>
        <TopLine Value="1"/>
        <UsageCount Value="15"/>
      </Unit18>
      <Unit19>
        <Filename Value="/usr/share/fpcsrc/rtl/unix/bunxovlh.inc"/>
        <CursorPos X="21" Y="77"/>
        <TopLine Value="61"/>
        <UsageCount Value="15"/>
      </Unit19>
      <Unit20>
        <Filename Value="/usr/share/fpcsrc/rtl/unix/gensigset.inc"/>
        <CursorPos X="1" Y="8"/>
        <TopLine Value="1"/>
        <UsageCount Value="15"/>
      </Unit20>
      <Unit21>
        <Filename Value="/usr/share/fpcsrc/rtl/unix/bunxh.inc"/>
        <CursorPos X="81" Y="91"/>
        <TopLine Value="73"/>
        <UsageCount Value="10"/>
      </Unit21>
      <Unit22>
        <Filename Value="/usr/share/fpcsrc/rtl/linux/signal.inc"/>
        <CursorPos X="21" Y="174"/>
        <TopLine Value="165"/>
        <UsageCount Value="15"/>
      </Unit22>
      <Unit23>
        <Filename Value="converted/main.c"/>
        <CursorPos X="40" Y="377"/>
        <TopLine Value="368"/>
        <EditorIndex Value="5"/>
        <UsageCount Value="16"/>
        <Loaded Value="True"/>
        <SyntaxHighlighter Value="C++"/>
      </Unit23>
      <Unit24>
        <Filename Value="converted/window.c"/>
        <CursorPos X="1" Y="1"/>
        <TopLine Value="66"/>
        <UsageCount Value="10"/>
        <SyntaxHighlighter Value="C++"/>
      </Unit24>
      <Unit25>
        <Filename Value="widget.pas"/>
        <UnitName Value="widget"/>
        <CursorPos X="1" Y="47"/>
        <TopLine Value="28"/>
        <EditorIndex Value="2"/>
        <UsageCount Value="14"/>
        <Loaded Value="True"/>
      </Unit25>
      <Unit26>
        <Filename Value="converted/window.h"/>
        <CursorPos X="32" Y="81"/>
        <TopLine Value="49"/>
        <UsageCount Value="10"/>
        <SyntaxHighlighter Value="C++"/>
      </Unit26>
      <Unit27>
        <Filename Value="converted/widget.h"/>
        <CursorPos X="32" Y="73"/>
        <TopLine Value="41"/>
        <UsageCount Value="10"/>
        <SyntaxHighlighter Value="C++"/>
      </Unit27>
      <Unit28>
        <Filename Value="/usr/share/fpcsrc/packages/extra/x11/xutil.pp"/>
        <UnitName Value="xutil"/>
        <CursorPos X="6" Y="358"/>
        <TopLine Value="274"/>
        <EditorIndex Value="3"/>
        <UsageCount Value="13"/>
        <Loaded Value="True"/>
      </Unit28>
      <Unit29>
        <Filename Value="../../lazarus/lcl/interfaces/gtk/gtkwsstdctrls.pp"/>
        <UnitName Value="GtkWSStdCtrls"/>
        <CursorPos X="1" Y="326"/>
        <TopLine Value="308"/>
        <UsageCount Value="10"/>
      </Unit29>
      <Unit30>
        <Filename Value="../../lazarus/lcl/interfaces/gtk/gtkproc.inc"/>
        <CursorPos X="23" Y="8607"/>
        <TopLine Value="8590"/>
        <UsageCount Value="10"/>
      </Unit30>
      <Unit31>
        <Filename Value="../../lazarus/lcl/interfaces/gtk/gtkproc.pp"/>
        <UnitName Value="GTKProc"/>
        <CursorPos X="9" Y="801"/>
        <TopLine Value="786"/>
        <UsageCount Value="11"/>
      </Unit31>
      <Unit32>
        <Filename Value="../../lazarus/lcl/interfaces/gtk/gtkwinapi.inc"/>
        <CursorPos X="1" Y="5291"/>
        <TopLine Value="5287"/>
        <UsageCount Value="11"/>
      </Unit32>
      <Unit33>
        <Filename Value="../../lazarus/lcl/interfaces/gtk/gtkint.pp"/>
        <UnitName Value="GtkInt"/>
        <CursorPos X="1" Y="73"/>
        <TopLine Value="48"/>
        <UsageCount Value="10"/>
      </Unit33>
      <Unit34>
        <Filename Value="../../lazarus/lcl/interfaces/gtk2/gtk2object.inc"/>
        <CursorPos X="28" Y="869"/>
        <TopLine Value="844"/>
        <UsageCount Value="10"/>
      </Unit34>
      <Unit35>
        <Filename Value="/usr/share/fpcsrc/packages/base/libc/spollh.inc"/>
        <CursorPos X="4" Y="7"/>
        <TopLine Value="1"/>
        <UsageCount Value="10"/>
      </Unit35>
      <Unit36>
        <Filename Value="/usr/share/fpcsrc/rtl/netwlibc/libc.pp"/>
        <UnitName Value="libc"/>
        <CursorPos X="10" Y="1562"/>
        <TopLine Value="1546"/>
        <UsageCount Value="10"/>
      </Unit36>
      <Unit37>
        <Filename Value="hints.pas"/>
        <UnitName Value="hints"/>
        <CursorPos X="1" Y="299"/>
        <TopLine Value="270"/>
        <EditorIndex Value="1"/>
        <UsageCount Value="11"/>
        <Loaded Value="True"/>
      </Unit37>
      <Unit38>
        <Filename Value="converted/hints.h"/>
        <CursorPos X="1" Y="27"/>
        <TopLine Value="77"/>
        <UsageCount Value="10"/>
        <SyntaxHighlighter Value="C++"/>
      </Unit38>
      <Unit39>
        <Filename Value="converted/icccm.c"/>
        <CursorPos X="1" Y="124"/>
        <TopLine Value="162"/>
        <UsageCount Value="10"/>
        <SyntaxHighlighter Value="C++"/>
      </Unit39>
    </Units>
    <JumpHistory Count="30" HistoryIndex="29">
      <Position1>
        <Filename Value="hints.pas"/>
        <Caret Line="132" Column="45" TopLine="116"/>
      </Position1>
      <Position2>
        <Filename Value="hints.pas"/>
        <Caret Line="166" Column="12" TopLine="150"/>
      </Position2>
      <Position3>
        <Filename Value="hints.pas"/>
        <Caret Line="169" Column="1" TopLine="146"/>
      </Position3>
      <Position4>
        <Filename Value="hints.pas"/>
        <Caret Line="172" Column="1" TopLine="156"/>
      </Position4>
      <Position5>
        <Filename Value="hints.pas"/>
        <Caret Line="271" Column="67" TopLine="242"/>
      </Position5>
      <Position6>
        <Filename Value="hints.pas"/>
        <Caret Line="175" Column="12" TopLine="159"/>
      </Position6>
      <Position7>
        <Filename Value="hints.pas"/>
        <Caret Line="178" Column="1" TopLine="159"/>
      </Position7>
      <Position8>
        <Filename Value="hints.pas"/>
        <Caret Line="184" Column="1" TopLine="162"/>
      </Position8>
      <Position9>
        <Filename Value="hints.pas"/>
        <Caret Line="186" Column="26" TopLine="170"/>
      </Position9>
      <Position10>
        <Filename Value="hints.pas"/>
        <Caret Line="193" Column="12" TopLine="177"/>
      </Position10>
      <Position11>
        <Filename Value="hints.pas"/>
        <Caret Line="196" Column="1" TopLine="176"/>
      </Position11>
      <Position12>
        <Filename Value="hints.pas"/>
        <Caret Line="202" Column="12" TopLine="186"/>
      </Position12>
      <Position13>
        <Filename Value="hints.pas"/>
        <Caret Line="214" Column="1" TopLine="189"/>
      </Position13>
      <Position14>
        <Filename Value="hints.pas"/>
        <Caret Line="220" Column="12" TopLine="204"/>
      </Position14>
      <Position15>
        <Filename Value="hints.pas"/>
        <Caret Line="230" Column="20" TopLine="204"/>
      </Position15>
      <Position16>
        <Filename Value="hints.pas"/>
        <Caret Line="227" Column="12" TopLine="211"/>
      </Position16>
      <Position17>
        <Filename Value="hints.pas"/>
        <Caret Line="238" Column="12" TopLine="222"/>
      </Position17>
      <Position18>
        <Filename Value="hints.pas"/>
        <Caret Line="241" Column="1" TopLine="222"/>
      </Position18>
      <Position19>
        <Filename Value="hints.pas"/>
        <Caret Line="247" Column="12" TopLine="231"/>
      </Position19>
      <Position20>
        <Filename Value="hints.pas"/>
        <Caret Line="265" Column="1" TopLine="254"/>
      </Position20>
      <Position21>
        <Filename Value="hints.pas"/>
        <Caret Line="261" Column="43" TopLine="245"/>
      </Position21>
      <Position22>
        <Filename Value="hints.pas"/>
        <Caret Line="271" Column="45" TopLine="245"/>
      </Position22>
      <Position23>
        <Filename Value="hints.pas"/>
        <Caret Line="265" Column="12" TopLine="249"/>
      </Position23>
      <Position24>
        <Filename Value="hints.pas"/>
        <Caret Line="277" Column="1" TopLine="254"/>
      </Position24>
      <Position25>
        <Filename Value="hints.pas"/>
        <Caret Line="279" Column="46" TopLine="263"/>
      </Position25>
      <Position26>
        <Filename Value="hints.pas"/>
        <Caret Line="283" Column="12" TopLine="267"/>
      </Position26>
      <Position27>
        <Filename Value="fpwm.pas"/>
        <Caret Line="35" Column="18" TopLine="11"/>
      </Position27>
      <Position28>
        <Filename Value="fpwm.pas"/>
        <Caret Line="43" Column="3" TopLine="14"/>
      </Position28>
      <Position29>
        <Filename Value="main.pas"/>
        <Caret Line="145" Column="10" TopLine="122"/>
      </Position29>
      <Position30>
        <Filename Value="main.pas"/>
        <Caret Line="629" Column="16" TopLine="617"/>
      </Position30>
    </JumpHistory>
  </ProjectOptions>
  <CompilerOptions>
    <Version Value="5"/>
    <CodeGeneration>
      <Generate Value="Faster"/>
    </CodeGeneration>
    <Other>
      <CompilerPath Value="$(CompPath)"/>
    </Other>
  </CompilerOptions>
</CONFIG>
