<?xml version="1.0" encoding="UTF-8"?>
<CONFIG>
  <ProjectOptions>
    <Version Value="9"/>
    <General>
      <Flags>
        <MainUnitHasUsesSectionForAllUnits Value="False"/>
        <MainUnitHasCreateFormStatements Value="False"/>
        <MainUnitHasTitleStatement Value="False"/>
        <LRSInOutputDirectory Value="False"/>
      </Flags>
      <SessionStorage Value="InProjectDir"/>
      <MainUnit Value="0"/>
    </General>
    <VersionInfo>
      <StringTable ProductVersion=""/>
    </VersionInfo>
    <BuildModes Count="1">
      <Item1 Name="default" Default="True"/>
    </BuildModes>
    <PublishOptions>
      <Version Value="2"/>
      <IncludeFileFilter Value="*.(pas|pp|inc|lfm|lpr|lrs|lpi|lpk|sh|xml)"/>
      <ExcludeFileFilter Value="*.(bak|ppu|ppw|o|so);*~;backup"/>
    </PublishOptions>
    <RunParams>
      <local>
        <FormatVersion Value="1"/>
        <Display Value=":3"/>
      </local>
      <environment>
        <UserOverrides Count="1">
          <Variable0 Name="DISPLAY" Value=":4"/>
        </UserOverrides>
      </environment>
    </RunParams>
    <RequiredPackages Count="1">
      <Item1>
        <PackageName Value="fpgui_toolkit"/>
      </Item1>
    </RequiredPackages>
    <Units Count="11">
      <Unit0>
        <Filename Value="fpwm.pas"/>
        <IsPartOfProject Value="True"/>
      </Unit0>
      <Unit1>
        <Filename Value="basewm.pas"/>
        <IsPartOfProject Value="True"/>
        <UnitName Value="BaseWM"/>
      </Unit1>
      <Unit2>
        <Filename Value="xwm.pas"/>
        <IsPartOfProject Value="True"/>
        <UnitName Value="XWM"/>
      </Unit2>
      <Unit3>
        <Filename Value="xrootwindow.pas"/>
        <IsPartOfProject Value="True"/>
        <UnitName Value="XRootWindow"/>
      </Unit3>
      <Unit4>
        <Filename Value="xframes.pas"/>
        <IsPartOfProject Value="True"/>
        <UnitName Value="XFrames"/>
      </Unit4>
      <Unit5>
        <Filename Value="xfpguiwm.pas"/>
        <IsPartOfProject Value="True"/>
        <UnitName Value="XfpGUIWM"/>
      </Unit5>
      <Unit6>
        <Filename Value="netatoms.pas"/>
        <IsPartOfProject Value="True"/>
        <UnitName Value="NETAtoms"/>
      </Unit6>
      <Unit7>
        <Filename Value="xatoms.pas"/>
        <IsPartOfProject Value="True"/>
        <UnitName Value="XAtoms"/>
      </Unit7>
      <Unit8>
        <Filename Value="xfpguiframe.pas"/>
        <IsPartOfProject Value="True"/>
        <UnitName Value="XfpGUIFrame"/>
      </Unit8>
      <Unit9>
        <Filename Value="xfpwmwidgets.pas"/>
        <IsPartOfProject Value="True"/>
      </Unit9>
      <Unit10>
        <Filename Value="xfpguiwindow.pas"/>
        <IsPartOfProject Value="True"/>
      </Unit10>
    </Units>
  </ProjectOptions>
  <CompilerOptions>
    <Version Value="11"/>
    <Target>
      <Filename Value="fpwm"/>
    </Target>
    <SearchPaths>
      <UnitOutputDirectory Value="lib/$(TargetCPU)-$(TargetOS)"/>
    </SearchPaths>
    <Parsing>
      <SyntaxOptions>
        <CStyleOperator Value="False"/>
      </SyntaxOptions>
    </Parsing>
    <Linking>
      <Options>
        <Win32>
          <GraphicApplication Value="True"/>
        </Win32>
      </Options>
    </Linking>
  </CompilerOptions>
</CONFIG>
